
Microsoft Visual Studio Solution File, Format Version 12.00
# Visual Studio Version 16
VisualStudioVersion = 16.0.30503.244
MinimumVisualStudioVersion = 10.0.40219.1
Project("{FAE04EC0-301F-11D3-BF4B-00C04F79EFBC}") = "EJournal", "EJournal.csproj", "{4BAB52BA-2667-4CF4-A912-77B6C93A19DB}"
EndProject
Global
	GlobalSection(SolutionConfigurationPlatforms) = preSolution
		Debug|Any CPU = Debug|Any CPU
		Release|Any CPU = Release|Any CPU
	EndGlobalSection
	GlobalSection(ProjectConfigurationPlatforms) = postSolution
		{4BAB52BA-2667-4CF4-A912-77B6C93A19DB}.Debug|Any CPU.ActiveCfg = Debug|Any CPU
		{4BAB52BA-2667-4CF4-A912-77B6C93A19DB}.Debug|Any CPU.Build.0 = Debug|Any CPU
		{4BAB52BA-2667-4CF4-A912-77B6C93A19DB}.Release|Any CPU.ActiveCfg = Release|Any CPU
		{4BAB52BA-2667-4CF4-A912-77B6C93A19DB}.Release|Any CPU.Build.0 = Release|Any CPU
	EndGlobalSection
	GlobalSection(SolutionProperties) = preSolution
		HideSolutionNode = FALSE
	EndGlobalSection
	GlobalSection(ExtensibilityGlobals) = postSolution
		SolutionGuid = {4A2CA670-1567-4964-BE9D-3030C03464DB}
	EndGlobalSection
EndGlobal
